PODS:
  - Alamofire (5.0.5)
  - CountryPickerView (3.3.0)
  - PickerView (0.4.0)
  - SimpleCheckbox (2.1.0)
  - SkyFloatingLabelTextField (3.8.0)

DEPENDENCIES:
  - Alamofire (~> 5.0.2)
  - CountryPickerView
  - PickerView
  - SimpleCheckbox
  - SkyFloatingLabelTextField (~> 3.0)

SPEC REPOS:
  trunk:
    - Alamofire
    - CountryPickerView
    - PickerView
    - SimpleCheckbox
    - SkyFloatingLabelTextField

SPEC CHECKSUMS:
  Alamofire: df2f8f826963b08b9a870791ad48e07a10090b2e
  CountryPickerView: 6322ada32a80b0cd721b0267282a5c24f406f263
  PickerView: a736ea986d992aa3ef32423f475fdf3f3a0cf7d4
  SimpleCheckbox: ddcd433ab8c3a8f57300bebda13151a8f302c7f9
  SkyFloatingLabelTextField: 5a338412114808e961fe2d14ea2c5452c8b6e4aa

PODFILE CHECKSUM: ac467e5a55c0ab6e01e81d2272cb3dc5201cdd50

COCOAPODS: 1.13.0
